
Microsoft Visual Studio Solution File, Format Version 12.00
# Visual Studio Version 17
VisualStudioVersion = 17.11.35312.102
MinimumVisualStudioVersion = 10.0.40219.1
Project("{FAE04EC0-301F-11D3-BF4B-00C04F79EFBC}") = "Identity_X_2024_v2", "Identity_X_2024_v2\Identity_X_2024_v2.csproj", "{EA182571-1A3A-4017-97D2-BBD0478901DA}"
EndProject
Global
	GlobalSection(SolutionConfigurationPlatforms) = preSolution
		Debug|Any CPU = Debug|Any CPU
		Release|Any CPU = Release|Any CPU
	EndGlobalSection
	GlobalSection(ProjectConfigurationPlatforms) = postSolution
		{EA182571-1A3A-4017-97D2-BBD0478901DA}.Debug|Any CPU.ActiveCfg = Debug|Any CPU
		{EA182571-1A3A-4017-97D2-BBD0478901DA}.Debug|Any CPU.Build.0 = Debug|Any CPU
		{EA182571-1A3A-4017-97D2-BBD0478901DA}.Release|Any CPU.ActiveCfg = Release|Any CPU
		{EA182571-1A3A-4017-97D2-BBD0478901DA}.Release|Any CPU.Build.0 = Release|Any CPU
	EndGlobalSection
	GlobalSection(SolutionProperties) = preSolution
		HideSolutionNode = FALSE
	EndGlobalSection
	GlobalSection(ExtensibilityGlobals) = postSolution
		SolutionGuid = {42E0F731-265E-449C-A6D5-22D0A2CAF33F}
	EndGlobalSection
EndGlobal
